// !$*UTF8*$!
{
	archiveVersion = 1;
	classes = {
	};
	objectVersion = 56;
	objects = {

/* Begin PBXBuildFile section */
		4392020329BA34B700B9588B /* Color.swift in Sources */ = {isa = PBXBuildFile; fileRef = 4392020229BA34B700B9588B /* Color.swift */; };
		4392020629BB496900B9588B /* PaletteDataManager.swift in Sources */ = {isa = PBXBuildFile; fileRef = 4392020529BB496900B9588B /* PaletteDataManager.swift */; };
		4392020B29BB627E00B9588B /* ImageUploaderView.swift in Sources */ = {isa = PBXBuildFile; fileRef = 4392020A29BB627E00B9588B /* ImageUploaderView.swift */; };
		4392020E29BC95F100B9588B /* ImageColorPickerView.swift in Sources */ = {isa = PBXBuildFile; fileRef = 4392020D29BC95F100B9588B /* ImageColorPickerView.swift */; };
		4392021329BC995100B9588B /* CustomColorPicker.swift in Sources */ = {isa = PBXBuildFile; fileRef = 4392021229BC995100B9588B /* CustomColorPicker.swift */; };
		4392021629BF6E7A00B9588B /* EditViewModel.swift in Sources */ = {isa = PBXBuildFile; fileRef = 4392021529BF6E7A00B9588B /* EditViewModel.swift */; };
		43F2B7DB29B62AD400C063B6 /* PaletteMiiApp.swift in Sources */ = {isa = PBXBuildFile; fileRef = 43F2B7DA29B62AD400C063B6 /* PaletteMiiApp.swift */; };
		43F2B7DD29B62AD400C063B6 /* ContentView.swift in Sources */ = {isa = PBXBuildFile; fileRef = 43F2B7DC29B62AD400C063B6 /* ContentView.swift */; };
		43F2B7DF29B62AD500C063B6 /* Assets.xcassets in Resources */ = {isa = PBXBuildFile; fileRef = 43F2B7DE29B62AD500C063B6 /* Assets.xcassets */; };
		43F2B7E229B62AD500C063B6 /* Preview Assets.xcassets in Resources */ = {isa = PBXBuildFile; fileRef = 43F2B7E129B62AD500C063B6 /* Preview Assets.xcassets */; };
		43F2B7E429B62AD500C063B6 /* Persistence.swift in Sources */ = {isa = PBXBuildFile; fileRef = 43F2B7E329B62AD500C063B6 /* Persistence.swift */; };
		43F2B7E729B62AD500C063B6 /* PaletteMii.xcdatamodeld in Sources */ = {isa = PBXBuildFile; fileRef = 43F2B7E529B62AD500C063B6 /* PaletteMii.xcdatamodeld */; };
/* End PBXBuildFile section */

/* Begin PBXFileReference section */
		4392020229BA34B700B9588B /* Color.swift */ = {isa = PBXFileReference; lastKnownFileType = sourcecode.swift; path = Color.swift; sourceTree = "<group>"; };
		4392020529BB496900B9588B /* PaletteDataManager.swift */ = {isa = PBXFileReference; lastKnownFileType = sourcecode.swift; path = PaletteDataManager.swift; sourceTree = "<group>"; };
		4392020A29BB627E00B9588B /* ImageUploaderView.swift */ = {isa = PBXFileReference; lastKnownFileType = sourcecode.swift; path = ImageUploaderView.swift; sourceTree = "<group>"; };
		4392020D29BC95F100B9588B /* ImageColorPickerView.swift */ = {isa = PBXFileReference; lastKnownFileType = sourcecode.swift; path = ImageColorPickerView.swift; sourceTree = "<group>"; };
		4392021229BC995100B9588B /* CustomColorPicker.swift */ = {isa = PBXFileReference; lastKnownFileType = sourcecode.swift; path = CustomColorPicker.swift; sourceTree = "<group>"; };
		4392021529BF6E7A00B9588B /* EditViewModel.swift */ = {isa = PBXFileReference; lastKnownFileType = sourcecode.swift; path = EditViewModel.swift; sourceTree = "<group>"; };
		43F2B7D729B62AD400C063B6 /* PaletteMii.app */ = {isa = PBXFileReference; explicitFileType = wrapper.application; includeInIndex = 0; path = PaletteMii.app; sourceTree = BUILT_PRODUCTS_DIR; };
		43F2B7DA29B62AD400C063B6 /* PaletteMiiApp.swift */ = {isa = PBXFileReference; lastKnownFileType = sourcecode.swift; path = PaletteMiiApp.swift; sourceTree = "<group>"; };
		43F2B7DC29B62AD400C063B6 /* ContentView.swift */ = {isa = PBXFileReference; lastKnownFileType = sourcecode.swift; path = ContentView.swift; sourceTree = "<group>"; };
		43F2B7DE29B62AD500C063B6 /* Assets.xcassets */ = {isa = PBXFileReference; lastKnownFileType = folder.assetcatalog; path = Assets.xcassets; sourceTree = "<group>"; };
		43F2B7E129B62AD500C063B6 /* Preview Assets.xcassets */ = {isa = PBXFileReference; lastKnownFileType = folder.assetcatalog; path = "Preview Assets.xcassets"; sourceTree = "<group>"; };
		43F2B7E329B62AD500C063B6 /* Persistence.swift */ = {isa = PBXFileReference; lastKnownFileType = sourcecode.swift; path = Persistence.swift; sourceTree = "<group>"; };
		43F2B7E629B62AD500C063B6 /* PaletteMii.xcdatamodel */ = {isa = PBXFileReference; lastKnownFileType = wrapper.xcdatamodel; path = PaletteMii.xcdatamodel; sourceTree = "<group>"; };
/* End PBXFileReference section */

/* Begin PBXFrameworksBuildPhase section */
		43F2B7D429B62AD400C063B6 /* Frameworks */ = {
			isa = PBXFrameworksBuildPhase;
			buildActionMask = 2147483647;
			files = (
			);
			runOnlyForDeploymentPostprocessing = 0;
		};
/* End PBXFrameworksBuildPhase section */

/* Begin PBXGroup section */
		4392020429BA357C00B9588B /* Extensions */ = {
			isa = PBXGroup;
			children = (
				4392020229BA34B700B9588B /* Color.swift */,
			);
			path = Extensions;
			sourceTree = "<group>";
		};
		4392020729BB51D400B9588B /* Utilities */ = {
			isa = PBXGroup;
			children = (
				4392020529BB496900B9588B /* PaletteDataManager.swift */,
				43F2B7E329B62AD500C063B6 /* Persistence.swift */,
			);
			path = Utilities;
			sourceTree = "<group>";
		};
		4392020C29BB68AC00B9588B /* Views */ = {
			isa = PBXGroup;
			children = (
				43F2B7DC29B62AD400C063B6 /* ContentView.swift */,
				4392021429BF6E4900B9588B /* EditPaletteViews */,
			);
			path = Views;
			sourceTree = "<group>";
		};
		4392020F29BC96BC00B9588B /* ImageColorPicker */ = {
			isa = PBXGroup;
			children = (
				4392020A29BB627E00B9588B /* ImageUploaderView.swift */,
				4392020D29BC95F100B9588B /* ImageColorPickerView.swift */,
				4392021229BC995100B9588B /* CustomColorPicker.swift */,
			);
			path = ImageColorPicker;
			sourceTree = "<group>";
		};
		4392021429BF6E4900B9588B /* EditPaletteViews */ = {
			isa = PBXGroup;
			children = (
				4392021529BF6E7A00B9588B /* EditViewModel.swift */,
				4392020F29BC96BC00B9588B /* ImageColorPicker */,
			);
			path = EditPaletteViews;
			sourceTree = "<group>";
		};
		43F2B7CE29B62AD400C063B6 = {
			isa = PBXGroup;
			children = (
				43F2B7D929B62AD400C063B6 /* PaletteMii */,
				43F2B7D829B62AD400C063B6 /* Products */,
			);
			sourceTree = "<group>";
		};
		43F2B7D829B62AD400C063B6 /* Products */ = {
			isa = PBXGroup;
			children = (
				43F2B7D729B62AD400C063B6 /* PaletteMii.app */,
			);
			name = Products;
			sourceTree = "<group>";
		};
		43F2B7D929B62AD400C063B6 /* PaletteMii */ = {
			isa = PBXGroup;
			children = (
				43F2B7DA29B62AD400C063B6 /* PaletteMiiApp.swift */,
				4392020729BB51D400B9588B /* Utilities */,
				4392020429BA357C00B9588B /* Extensions */,
				4392020C29BB68AC00B9588B /* Views */,
				43F2B7DE29B62AD500C063B6 /* Assets.xcassets */,
				43F2B7E529B62AD500C063B6 /* PaletteMii.xcdatamodeld */,
				43F2B7E029B62AD500C063B6 /* Preview Content */,
			);
			path = PaletteMii;
			sourceTree = "<group>";
		};
		43F2B7E029B62AD500C063B6 /* Preview Content */ = {
			isa = PBXGroup;
			children = (
				43F2B7E129B62AD500C063B6 /* Preview Assets.xcassets */,
			);
			path = "Preview Content";
			sourceTree = "<group>";
		};
/* End PBXGroup section */

/* Begin PBXNativeTarget section */
		43F2B7D629B62AD400C063B6 /* PaletteMii */ = {
			isa = PBXNativeTarget;
			buildConfigurationList = 43F2B7EA29B62AD500C063B6 /* Build configuration list for PBXNativeTarget "PaletteMii" */;
			buildPhases = (
				43F2B7D329B62AD400C063B6 /* Sources */,
				43F2B7D429B62AD400C063B6 /* Frameworks */,
				43F2B7D529B62AD400C063B6 /* Resources */,
			);
			buildRules = (
			);
			dependencies = (
			);
			name = PaletteMii;
			productName = PaletteMii;
			productReference = 43F2B7D729B62AD400C063B6 /* PaletteMii.app */;
			productType = "com.apple.product-type.application";
		};
/* End PBXNativeTarget section */

/* Begin PBXProject section */
		43F2B7CF29B62AD400C063B6 /* Project object */ = {
			isa = PBXProject;
			attributes = {
				BuildIndependentTargetsInParallel = 1;
				LastSwiftUpdateCheck = 1420;
				LastUpgradeCheck = 1420;
				TargetAttributes = {
					43F2B7D629B62AD400C063B6 = {
						CreatedOnToolsVersion = 14.2;
					};
				};
			};
			buildConfigurationList = 43F2B7D229B62AD400C063B6 /* Build configuration list for PBXProject "PaletteMii" */;
			compatibilityVersion = "Xcode 14.0";
			developmentRegion = en;
			hasScannedForEncodings = 0;
			knownRegions = (
				en,
				Base,
			);
			mainGroup = 43F2B7CE29B62AD400C063B6;
			productRefGroup = 43F2B7D829B62AD400C063B6 /* Products */;
			projectDirPath = "";
			projectRoot = "";
			targets = (
				43F2B7D629B62AD400C063B6 /* PaletteMii */,
			);
		};
/* End PBXProject section */

/* Begin PBXResourcesBuildPhase section */
		43F2B7D529B62AD400C063B6 /* Resources */ = {
			isa = PBXResourcesBuildPhase;
			buildActionMask = 2147483647;
			files = (
				43F2B7E229B62AD500C063B6 /* Preview Assets.xcassets in Resources */,
				43F2B7DF29B62AD500C063B6 /* Assets.xcassets in Resources */,
			);
			runOnlyForDeploymentPostprocessing = 0;
		};
/* End PBXResourcesBuildPhase section */

/* Begin PBXSourcesBuildPhase section */
		43F2B7D329B62AD400C063B6 /* Sources */ = {
			isa = PBXSourcesBuildPhase;
			buildActionMask = 2147483647;
			files = (
				4392021629BF6E7A00B9588B /* EditViewModel.swift in Sources */,
				4392021329BC995100B9588B /* CustomColorPicker.swift in Sources */,
				43F2B7E429B62AD500C063B6 /* Persistence.swift in Sources */,
				4392020E29BC95F100B9588B /* ImageColorPickerView.swift in Sources */,
				4392020629BB496900B9588B /* PaletteDataManager.swift in Sources */,
				43F2B7E729B62AD500C063B6 /* PaletteMii.xcdatamodeld in Sources */,
				43F2B7DD29B62AD400C063B6 /* ContentView.swift in Sources */,
				4392020B29BB627E00B9588B /* ImageUploaderView.swift in Sources */,
				4392020329BA34B700B9588B /* Color.swift in Sources */,
				43F2B7DB29B62AD400C063B6 /* PaletteMiiApp.swift in Sources */,
			);
			runOnlyForDeploymentPostprocessing = 0;
		};
/* End PBXSourcesBuildPhase section */

/* Begin XCBuildConfiguration section */
		43F2B7E829B62AD500C063B6 /* Debug */ = {
			isa = XCBuildConfiguration;
			buildSettings = {
				ALWAYS_SEARCH_USER_PATHS = NO;
				CLANG_ANALYZER_NONNULL = YES;
				CLANG_ANALYZER_NUMBER_OBJECT_CONVERSION = YES_AGGRESSIVE;
				CLANG_CXX_LANGUAGE_STANDARD = "gnu++20";
				CLANG_ENABLE_MODULES = YES;
				CLANG_ENABLE_OBJC_ARC = YES;
				CLANG_ENABLE_OBJC_WEAK = YES;
				CLANG_WARN_BLOCK_CAPTURE_AUTORELEASING = YES;
				CLANG_WARN_BOOL_CONVERSION = YES;
				CLANG_WARN_COMMA = YES;
				CLANG_WARN_CONSTANT_CONVERSION = YES;
				CLANG_WARN_DEPRECATED_OBJC_IMPLEMENTATIONS = YES;
				CLANG_WARN_DIRECT_OBJC_ISA_USAGE = YES_ERROR;
				CLANG_WARN_DOCUMENTATION_COMMENTS = YES;
				CLANG_WARN_EMPTY_BODY = YES;
				CLANG_WARN_ENUM_CONVERSION = YES;
				CLANG_WARN_INFINITE_RECURSION = YES;
				CLANG_WARN_INT_CONVERSION = YES;
				CLANG_WARN_NON_LITERAL_NULL_CONVERSION = YES;
				CLANG_WARN_OBJC_IMPLICIT_RETAIN_SELF = YES;
				CLANG_WARN_OBJC_LITERAL_CONVERSION = YES;
				CLANG_WARN_OBJC_ROOT_CLASS = YES_ERROR;
				CLANG_WARN_QUOTED_INCLUDE_IN_FRAMEWORK_HEADER = YES;
				CLANG_WARN_RANGE_LOOP_ANALYSIS = YES;
				CLANG_WARN_STRICT_PROTOTYPES = YES;
				CLANG_WARN_SUSPICIOUS_MOVE = YES;
				CLANG_WARN_UNGUARDED_AVAILABILITY = YES_AGGRESSIVE;
				CLANG_WARN_UNREACHABLE_CODE = YES;
				CLANG_WARN__DUPLICATE_METHOD_MATCH = YES;
				COPY_PHASE_STRIP = NO;
				DEBUG_INFORMATION_FORMAT = dwarf;
				ENABLE_STRICT_OBJC_MSGSEND = YES;
				ENABLE_TESTABILITY = YES;
				GCC_C_LANGUAGE_STANDARD = gnu11;
				GCC_DYNAMIC_NO_PIC = NO;
				GCC_NO_COMMON_BLOCKS = YES;
				GCC_OPTIMIZATION_LEVEL = 0;
				GCC_PREPROCESSOR_DEFINITIONS = (
					"DEBUG=1",
					"$(inherited)",
				);
				GCC_WARN_64_TO_32_BIT_CONVERSION = YES;
				GCC_WARN_ABOUT_RETURN_TYPE = YES_ERROR;
				GCC_WARN_UNDECLARED_SELECTOR = YES;
				GCC_WARN_UNINITIALIZED_AUTOS = YES_AGGRESSIVE;
				GCC_WARN_UNUSED_FUNCTION = YES;
				GCC_WARN_UNUSED_VARIABLE = YES;
				IPHONEOS_DEPLOYMENT_TARGET = 16.2;
				MTL_ENABLE_DEBUG_INFO = INCLUDE_SOURCE;
				MTL_FAST_MATH = YES;
				ONLY_ACTIVE_ARCH = YES;
				SDKROOT = iphoneos;
				SWIFT_ACTIVE_COMPILATION_CONDITIONS = DEBUG;
				SWIFT_OPTIMIZATION_LEVEL = "-Onone";
			};
			name = Debug;
		};
		43F2B7E929B62AD500C063B6 /* Release */ = {
			isa = XCBuildConfiguration;
			buildSettings = {
				ALWAYS_SEARCH_USER_PATHS = NO;
				CLANG_ANALYZER_NONNULL = YES;
				CLANG_ANALYZER_NUMBER_OBJECT_CONVERSION = YES_AGGRESSIVE;
				CLANG_CXX_LANGUAGE_STANDARD = "gnu++20";
				CLANG_ENABLE_MODULES = YES;
				CLANG_ENABLE_OBJC_ARC = YES;
				CLANG_ENABLE_OBJC_WEAK = YES;
				CLANG_WARN_BLOCK_CAPTURE_AUTORELEASING = YES;
				CLANG_WARN_BOOL_CONVERSION = YES;
				CLANG_WARN_COMMA = YES;
				CLANG_WARN_CONSTANT_CONVERSION = YES;
				CLANG_WARN_DEPRECATED_OBJC_IMPLEMENTATIONS = YES;
				CLANG_WARN_DIRECT_OBJC_ISA_USAGE = YES_ERROR;
				CLANG_WARN_DOCUMENTATION_COMMENTS = YES;
				CLANG_WARN_EMPTY_BODY = YES;
				CLANG_WARN_ENUM_CONVERSION = YES;
				CLANG_WARN_INFINITE_RECURSION = YES;
				CLANG_WARN_INT_CONVERSION = YES;
				CLANG_WARN_NON_LITERAL_NULL_CONVERSION = YES;
				CLANG_WARN_OBJC_IMPLICIT_RETAIN_SELF = YES;
				CLANG_WARN_OBJC_LITERAL_CONVERSION = YES;
				CLANG_WARN_OBJC_ROOT_CLASS = YES_ERROR;
				CLANG_WARN_QUOTED_INCLUDE_IN_FRAMEWORK_HEADER = YES;
				CLANG_WARN_RANGE_LOOP_ANALYSIS = YES;
				CLANG_WARN_STRICT_PROTOTYPES = YES;
				CLANG_WARN_SUSPICIOUS_MOVE = YES;
				CLANG_WARN_UNGUARDED_AVAILABILITY = YES_AGGRESSIVE;
				CLANG_WARN_UNREACHABLE_CODE = YES;
				CLANG_WARN__DUPLICATE_METHOD_MATCH = YES;
				COPY_PHASE_STRIP = NO;
				DEBUG_INFORMATION_FORMAT = "dwarf-with-dsym";
				ENABLE_NS_ASSERTIONS = NO;
				ENABLE_STRICT_OBJC_MSGSEND = YES;
				GCC_C_LANGUAGE_STANDARD = gnu11;
				GCC_NO_COMMON_BLOCKS = YES;
				GCC_WARN_64_TO_32_BIT_CONVERSION = YES;
				GCC_WARN_ABOUT_RETURN_TYPE = YES_ERROR;
				GCC_WARN_UNDECLARED_SELECTOR = YES;
				GCC_WARN_UNINITIALIZED_AUTOS = YES_AGGRESSIVE;
				GCC_WARN_UNUSED_FUNCTION = YES;
				GCC_WARN_UNUSED_VARIABLE = YES;
				IPHONEOS_DEPLOYMENT_TARGET = 16.2;
				MTL_ENABLE_DEBUG_INFO = NO;
				MTL_FAST_MATH = YES;
				SDKROOT = iphoneos;
				SWIFT_COMPILATION_MODE = wholemodule;
				SWIFT_OPTIMIZATION_LEVEL = "-O";
				VALIDATE_PRODUCT = YES;
			};
			name = Release;
		};
		43F2B7EB29B62AD500C063B6 /* Debug */ = {
			isa = XCBuildConfiguration;
			buildSettings = {
				ASSETCATALOG_COMPILER_APPICON_NAME = AppIcon;
				ASSETCATALOG_COMPILER_GLOBAL_ACCENT_COLOR_NAME = AccentColor;
				CODE_SIGN_STYLE = Automatic;
				CURRENT_PROJECT_VERSION = 1;
				DEVELOPMENT_ASSET_PATHS = "\"PaletteMii/Preview Content\"";
				DEVELOPMENT_TEAM = 97MHK6W334;
				ENABLE_PREVIEWS = YES;
				GENERATE_INFOPLIST_FILE = YES;
				INFOPLIST_KEY_UIApplicationSceneManifest_Generation = YES;
				INFOPLIST_KEY_UIApplicationSupportsIndirectInputEvents = YES;
				INFOPLIST_KEY_UILaunchScreen_Generation = YES;
				INFOPLIST_KEY_UISupportedInterfaceOrientations_iPad = "UIInterfaceOrientationPortrait UIInterfaceOrientationPortraitUpsideDown UIInterfaceOrientationLandscapeLeft UIInterfaceOrientationLandscapeRight";
				INFOPLIST_KEY_UISupportedInterfaceOrientations_iPhone = "UIInterfaceOrientationPortrait UIInterfaceOrientationLandscapeLeft UIInterfaceOrientationLandscapeRight";
				IPHONEOS_DEPLOYMENT_TARGET = 16.0;
				LD_RUNPATH_SEARCH_PATHS = (
					"$(inherited)",
					"@executable_path/Frameworks",
				);
				MARKETING_VERSION = 1.0;
				PRODUCT_BUNDLE_IDENTIFIER = com.studioKaori.PaletteMii;
				PRODUCT_NAME = "$(TARGET_NAME)";
				SWIFT_EMIT_LOC_STRINGS = YES;
				SWIFT_VERSION = 5.0;
				TARGETED_DEVICE_FAMILY = "1,2";
			};
			name = Debug;
		};
		43F2B7EC29B62AD500C063B6 /* Release */ = {
			isa = XCBuildConfiguration;
			buildSettings = {
				ASSETCATALOG_COMPILER_APPICON_NAME = AppIcon;
				ASSETCATALOG_COMPILER_GLOBAL_ACCENT_COLOR_NAME = AccentColor;
				CODE_SIGN_STYLE = Automatic;
				CURRENT_PROJECT_VERSION = 1;
				DEVELOPMENT_ASSET_PATHS = "\"PaletteMii/Preview Content\"";
				DEVELOPMENT_TEAM = 97MHK6W334;
				ENABLE_PREVIEWS = YES;
				GENERATE_INFOPLIST_FILE = YES;
				INFOPLIST_KEY_UIApplicationSceneManifest_Generation = YES;
				INFOPLIST_KEY_UIApplicationSupportsIndirectInputEvents = YES;
				INFOPLIST_KEY_UILaunchScreen_Generation = YES;
				INFOPLIST_KEY_UISupportedInterfaceOrientations_iPad = "UIInterfaceOrientationPortrait UIInterfaceOrientationPortraitUpsideDown UIInterfaceOrientationLandscapeLeft UIInterfaceOrientationLandscapeRight";
				INFOPLIST_KEY_UISupportedInterfaceOrientations_iPhone = "UIInterfaceOrientationPortrait UIInterfaceOrientationLandscapeLeft UIInterfaceOrientationLandscapeRight";
				IPHONEOS_DEPLOYMENT_TARGET = 16.0;
				LD_RUNPATH_SEARCH_PATHS = (
					"$(inherited)",
					"@executable_path/Frameworks",
				);
				MARKETING_VERSION = 1.0;
				PRODUCT_BUNDLE_IDENTIFIER = com.studioKaori.PaletteMii;
				PRODUCT_NAME = "$(TARGET_NAME)";
				SWIFT_EMIT_LOC_STRINGS = YES;
				SWIFT_VERSION = 5.0;
				TARGETED_DEVICE_FAMILY = "1,2";
			};
			name = Release;
		};
/* End XCBuildConfiguration section */

/* Begin XCConfigurationList section */
		43F2B7D229B62AD400C063B6 /* Build configuration list for PBXProject "PaletteMii" */ = {
			isa = XCConfigurationList;
			buildConfigurations = (
				43F2B7E829B62AD500C063B6 /* Debug */,
				43F2B7E929B62AD500C063B6 /* Release */,
			);
			defaultConfigurationIsVisible = 0;
			defaultConfigurationName = Release;
		};
		43F2B7EA29B62AD500C063B6 /* Build configuration list for PBXNativeTarget "PaletteMii" */ = {
			isa = XCConfigurationList;
			buildConfigurations = (
				43F2B7EB29B62AD500C063B6 /* Debug */,
				43F2B7EC29B62AD500C063B6 /* Release */,
			);
			defaultConfigurationIsVisible = 0;
			defaultConfigurationName = Release;
		};
/* End XCConfigurationList section */

/* Begin XCVersionGroup section */
		43F2B7E529B62AD500C063B6 /* PaletteMii.xcdatamodeld */ = {
			isa = XCVersionGroup;
			children = (
				43F2B7E629B62AD500C063B6 /* PaletteMii.xcdatamodel */,
			);
			currentVersion = 43F2B7E629B62AD500C063B6 /* PaletteMii.xcdatamodel */;
			path = PaletteMii.xcdatamodeld;
			sourceTree = "<group>";
			versionGroupType = wrapper.xcdatamodel;
		};
/* End XCVersionGroup section */
	};
	rootObject = 43F2B7CF29B62AD400C063B6 /* Project object */;
}
